
Microsoft Visual Studio Solution File, Format Version 12.00
# Visual Studio 2013
VisualStudioVersion = 12.0.30501.0
MinimumVisualStudioVersion = 10.0.40219.1
Project("{FAE04EC0-301F-11D3-BF4B-00C04F79EFBC}") = "Github1", "Github1\Github1.csproj", "{C350F83B-143E-4E63-BB90-A93B83258DBD}"
EndProject
Global
	GlobalSection(SolutionConfigurationPlatforms) = preSolution
		Debug|Any CPU = Debug|Any CPU
		Release|Any CPU = Release|Any CPU
	EndGlobalSection
	GlobalSection(ProjectConfigurationPlatforms) = postSolution
		{C350F83B-143E-4E63-BB90-A93B83258DBD}.Debug|Any CPU.ActiveCfg = Debug|Any CPU
		{C350F83B-143E-4E63-BB90-A93B83258DBD}.Debug|Any CPU.Build.0 = Debug|Any CPU
		{C350F83B-143E-4E63-BB90-A93B83258DBD}.Release|Any CPU.ActiveCfg = Release|Any CPU
		{C350F83B-143E-4E63-BB90-A93B83258DBD}.Release|Any CPU.Build.0 = Release|Any CPU
	EndGlobalSection
	GlobalSection(SolutionProperties) = preSolution
		HideSolutionNode = FALSE
	EndGlobalSection
EndGlobal
